
Microsoft Visual Studio Solution File, Format Version 12.00
# Visual Studio Version 16
VisualStudioVersion = 16.0.32413.511
MinimumVisualStudioVersion = 10.0.40219.1
Project("{FAE04EC0-301F-11D3-BF4B-00C04F79EFBC}") = "Pratice", "Pratice\Pratice.csproj", "{0EB7847D-31E6-4146-A107-992AA45425D0}"
EndProject
Global
	GlobalSection(SolutionConfigurationPlatforms) = preSolution
		Debug|Any CPU = Debug|Any CPU
		Release|Any CPU = Release|Any CPU
	EndGlobalSection
	GlobalSection(ProjectConfigurationPlatforms) = postSolution
		{0EB7847D-31E6-4146-A107-992AA45425D0}.Debug|Any CPU.ActiveCfg = Debug|Any CPU
		{0EB7847D-31E6-4146-A107-992AA45425D0}.Debug|Any CPU.Build.0 = Debug|Any CPU
		{0EB7847D-31E6-4146-A107-992AA45425D0}.Release|Any CPU.ActiveCfg = Release|Any CPU
		{0EB7847D-31E6-4146-A107-992AA45425D0}.Release|Any CPU.Build.0 = Release|Any CPU
	EndGlobalSection
	GlobalSection(SolutionProperties) = preSolution
		HideSolutionNode = FALSE
	EndGlobalSection
	GlobalSection(ExtensibilityGlobals) = postSolution
		SolutionGuid = {613F5A61-F0E6-4ACA-9A54-27C7E5386D25}
	EndGlobalSection
EndGlobal
