
Microsoft Visual Studio Solution File, Format Version 12.00
# Visual Studio Version 16
VisualStudioVersion = 16.0.32413.511
MinimumVisualStudioVersion = 10.0.40219.1
Project("{FAE04EC0-301F-11D3-BF4B-00C04F79EFBC}") = "Assignment7", "Assignment7\Assignment7.csproj", "{2F8577FA-C4C4-42EE-A280-5647D373E095}"
EndProject
Global
	GlobalSection(SolutionConfigurationPlatforms) = preSolution
		Debug|Any CPU = Debug|Any CPU
		Release|Any CPU = Release|Any CPU
	EndGlobalSection
	GlobalSection(ProjectConfigurationPlatforms) = postSolution
		{2F8577FA-C4C4-42EE-A280-5647D373E095}.Debug|Any CPU.ActiveCfg = Debug|Any CPU
		{2F8577FA-C4C4-42EE-A280-5647D373E095}.Debug|Any CPU.Build.0 = Debug|Any CPU
		{2F8577FA-C4C4-42EE-A280-5647D373E095}.Release|Any CPU.ActiveCfg = Release|Any CPU
		{2F8577FA-C4C4-42EE-A280-5647D373E095}.Release|Any CPU.Build.0 = Release|Any CPU
	EndGlobalSection
	GlobalSection(SolutionProperties) = preSolution
		HideSolutionNode = FALSE
	EndGlobalSection
	GlobalSection(ExtensibilityGlobals) = postSolution
		SolutionGuid = {909BAE25-F27A-4582-BBBF-5DC8C761EBEA}
	EndGlobalSection
EndGlobal
