
Microsoft Visual Studio Solution File, Format Version 12.00
# Visual Studio Version 16
VisualStudioVersion = 16.0.32413.511
MinimumVisualStudioVersion = 10.0.40219.1
Project("{FAE04EC0-301F-11D3-BF4B-00C04F79EFBC}") = "Codebased3", "Codebased3\Codebased3.csproj", "{2D654053-7DAB-4F3D-A79C-C423AFF78160}"
EndProject
Global
	GlobalSection(SolutionConfigurationPlatforms) = preSolution
		Debug|Any CPU = Debug|Any CPU
		Release|Any CPU = Release|Any CPU
	EndGlobalSection
	GlobalSection(ProjectConfigurationPlatforms) = postSolution
		{2D654053-7DAB-4F3D-A79C-C423AFF78160}.Debug|Any CPU.ActiveCfg = Debug|Any CPU
		{2D654053-7DAB-4F3D-A79C-C423AFF78160}.Debug|Any CPU.Build.0 = Debug|Any CPU
		{2D654053-7DAB-4F3D-A79C-C423AFF78160}.Release|Any CPU.ActiveCfg = Release|Any CPU
		{2D654053-7DAB-4F3D-A79C-C423AFF78160}.Release|Any CPU.Build.0 = Release|Any CPU
	EndGlobalSection
	GlobalSection(SolutionProperties) = preSolution
		HideSolutionNode = FALSE
	EndGlobalSection
	GlobalSection(ExtensibilityGlobals) = postSolution
		SolutionGuid = {01AC04CF-EB68-4160-8B53-BB1D8CE452F8}
	EndGlobalSection
EndGlobal
